<Solution>
  <Project Path="ProposalGovernance.Api/ProposalGovernance.Api.csproj" />
  <Project Path="StartupFunding.API/StartupFunding.API.csproj" />
  <Project Path="StartupFunding.Application/StartupFunding.Application.csproj" />
  <Project Path="StartupFunding.Domain/StartupFunding.Domain.csproj" />
  <Project Path="StartupFunding.Infrastructure/StartupFunding.Infrastructure.csproj" />
</Solution>
